// !$*UTF8*$!
{
	archiveVersion = 1;
	classes = {
	};
	objectVersion = 56;
	objects = {

/* Begin PBXBuildFile section */
		5F0A17B02A7D397200054A3A /* MemoCompleteViewController.swift in Sources */ = {isa = PBXBuildFile; fileRef = 5F0A17AF2A7D397200054A3A /* MemoCompleteViewController.swift */; };
		5F0A17B52A7D3EB300054A3A /* ViewModelBindingType.swift in Sources */ = {isa = PBXBuildFile; fileRef = 5F0A17B42A7D3EB300054A3A /* ViewModelBindingType.swift */; };
		5F0A17B72A7D40F700054A3A /* Memo.swift in Sources */ = {isa = PBXBuildFile; fileRef = 5F0A17B62A7D40F700054A3A /* Memo.swift */; };
		5F0A17BC2A7D421800054A3A /* Date.swift in Sources */ = {isa = PBXBuildFile; fileRef = 5F0A17BB2A7D421800054A3A /* Date.swift */; };
		5F0A17BE2A7D43A900054A3A /* CommonViewModel.swift in Sources */ = {isa = PBXBuildFile; fileRef = 5F0A17BD2A7D43A900054A3A /* CommonViewModel.swift */; };
		5F0A17C12A7D441000054A3A /* Scene.swift in Sources */ = {isa = PBXBuildFile; fileRef = 5F0A17C02A7D441000054A3A /* Scene.swift */; };
		5F0A17C32A7D441A00054A3A /* SceneCoordinatorType.swift in Sources */ = {isa = PBXBuildFile; fileRef = 5F0A17C22A7D441A00054A3A /* SceneCoordinatorType.swift */; };
		5F0A17C52A7D442A00054A3A /* SceneCoordinator.swift in Sources */ = {isa = PBXBuildFile; fileRef = 5F0A17C42A7D442A00054A3A /* SceneCoordinator.swift */; };
		5F0A17C72A7D443400054A3A /* TransitionModel.swift in Sources */ = {isa = PBXBuildFile; fileRef = 5F0A17C62A7D443400054A3A /* TransitionModel.swift */; };
		5F0A17C92A7D44C400054A3A /* MemoListViewModel.swift in Sources */ = {isa = PBXBuildFile; fileRef = 5F0A17C82A7D44C400054A3A /* MemoListViewModel.swift */; };
		5F0A17CB2A7D44D200054A3A /* MemoAddViewModel.swift in Sources */ = {isa = PBXBuildFile; fileRef = 5F0A17CA2A7D44D200054A3A /* MemoAddViewModel.swift */; };
		5F0A17CD2A7D44DD00054A3A /* MemoDetailViewModel.swift in Sources */ = {isa = PBXBuildFile; fileRef = 5F0A17CC2A7D44DD00054A3A /* MemoDetailViewModel.swift */; };
		5F0A17CF2A7D44F000054A3A /* MemoCompleteViewModel.swift in Sources */ = {isa = PBXBuildFile; fileRef = 5F0A17CE2A7D44F000054A3A /* MemoCompleteViewModel.swift */; };
		5F0A17D12A7D4B6800054A3A /* DefaultViewController.swift in Sources */ = {isa = PBXBuildFile; fileRef = 5F0A17D02A7D4B6800054A3A /* DefaultViewController.swift */; };
		5F0A17D42A7D4CBE00054A3A /* DefaultViewModel.swift in Sources */ = {isa = PBXBuildFile; fileRef = 5F0A17D32A7D4CBE00054A3A /* DefaultViewModel.swift */; };
		5F18A3A42A814771004F0F61 /* UIViewController.swift in Sources */ = {isa = PBXBuildFile; fileRef = 5F18A3A32A814771004F0F61 /* UIViewController.swift */; };
		5F1DE2152A7CE536004F19B7 /* MemoAddViewController.swift in Sources */ = {isa = PBXBuildFile; fileRef = 5F1DE2142A7CE536004F19B7 /* MemoAddViewController.swift */; };
		5F2D794C2A7CB61B001FA32A /* AppDelegate.swift in Sources */ = {isa = PBXBuildFile; fileRef = 5F2D794B2A7CB61B001FA32A /* AppDelegate.swift */; };
		5F2D794E2A7CB61B001FA32A /* SceneDelegate.swift in Sources */ = {isa = PBXBuildFile; fileRef = 5F2D794D2A7CB61B001FA32A /* SceneDelegate.swift */; };
		5F2D79532A7CB61B001FA32A /* Main.storyboard in Resources */ = {isa = PBXBuildFile; fileRef = 5F2D79512A7CB61B001FA32A /* Main.storyboard */; };
		5F2D79582A7CB61C001FA32A /* Assets.xcassets in Resources */ = {isa = PBXBuildFile; fileRef = 5F2D79572A7CB61C001FA32A /* Assets.xcassets */; };
		5F2D795B2A7CB61C001FA32A /* LaunchScreen.storyboard in Resources */ = {isa = PBXBuildFile; fileRef = 5F2D79592A7CB61C001FA32A /* LaunchScreen.storyboard */; };
		5F2D79742A7CBD20001FA32A /* MemoListViewController.swift in Sources */ = {isa = PBXBuildFile; fileRef = 5F2D79732A7CBD20001FA32A /* MemoListViewController.swift */; };
		5F2D79762A7CBD3E001FA32A /* MemoDetailViewController.swift in Sources */ = {isa = PBXBuildFile; fileRef = 5F2D79752A7CBD3E001FA32A /* MemoDetailViewController.swift */; };
		5F54E1712A7E29C600EF253A /* MemoStrageType.swift in Sources */ = {isa = PBXBuildFile; fileRef = 5F54E1702A7E29C600EF253A /* MemoStrageType.swift */; };
		5F54E1742A7E2C2D00EF253A /* CoreDataStorage.swift in Sources */ = {isa = PBXBuildFile; fileRef = 5F54E1732A7E2C2D00EF253A /* CoreDataStorage.swift */; };
		5F54E1762A7E2CCB00EF253A /* MemoryStorage.swift in Sources */ = {isa = PBXBuildFile; fileRef = 5F54E1752A7E2CCB00EF253A /* MemoryStorage.swift */; };
		5F63162F2A81EF70002A6940 /* MemoManager.swift in Sources */ = {isa = PBXBuildFile; fileRef = 5F63162E2A81EF70002A6940 /* MemoManager.swift */; };
		5FC339672A7FDA9300D76C06 /* memoCoreData.xcdatamodeld in Sources */ = {isa = PBXBuildFile; fileRef = 5FC339652A7FDA9300D76C06 /* memoCoreData.xcdatamodeld */; };
		5FC339692A7FE54300D76C06 /* CustomCell.swift in Sources */ = {isa = PBXBuildFile; fileRef = 5FC339682A7FE54300D76C06 /* CustomCell.swift */; };
		6EFF016829C1893A516236BB /* Pods_Memo.framework in Frameworks */ = {isa = PBXBuildFile; fileRef = 40E2B8C5284C95083A5D8D20 /* Pods_Memo.framework */; };
/* End PBXBuildFile section */

/* Begin PBXFileReference section */
		2634C1D4E14176EF4826CF22 /* Pods-Memo.release.xcconfig */ = {isa = PBXFileReference; includeInIndex = 1; lastKnownFileType = text.xcconfig; name = "Pods-Memo.release.xcconfig"; path = "Target Support Files/Pods-Memo/Pods-Memo.release.xcconfig"; sourceTree = "<group>"; };
		40E2B8C5284C95083A5D8D20 /* Pods_Memo.framework */ = {isa = PBXFileReference; explicitFileType = wrapper.framework; includeInIndex = 0; path = Pods_Memo.framework; sourceTree = BUILT_PRODUCTS_DIR; };
		54719CED12880F55DBE9E547 /* Pods-Memo.debug.xcconfig */ = {isa = PBXFileReference; includeInIndex = 1; lastKnownFileType = text.xcconfig; name = "Pods-Memo.debug.xcconfig"; path = "Target Support Files/Pods-Memo/Pods-Memo.debug.xcconfig"; sourceTree = "<group>"; };
		5F0A17AF2A7D397200054A3A /* MemoCompleteViewController.swift */ = {isa = PBXFileReference; lastKnownFileType = sourcecode.swift; path = MemoCompleteViewController.swift; sourceTree = "<group>"; };
		5F0A17B42A7D3EB300054A3A /* ViewModelBindingType.swift */ = {isa = PBXFileReference; lastKnownFileType = sourcecode.swift; path = ViewModelBindingType.swift; sourceTree = "<group>"; };
		5F0A17B62A7D40F700054A3A /* Memo.swift */ = {isa = PBXFileReference; lastKnownFileType = sourcecode.swift; path = Memo.swift; sourceTree = "<group>"; };
		5F0A17BB2A7D421800054A3A /* Date.swift */ = {isa = PBXFileReference; lastKnownFileType = sourcecode.swift; path = Date.swift; sourceTree = "<group>"; };
		5F0A17BD2A7D43A900054A3A /* CommonViewModel.swift */ = {isa = PBXFileReference; lastKnownFileType = sourcecode.swift; path = CommonViewModel.swift; sourceTree = "<group>"; };
		5F0A17C02A7D441000054A3A /* Scene.swift */ = {isa = PBXFileReference; lastKnownFileType = sourcecode.swift; path = Scene.swift; sourceTree = "<group>"; };
		5F0A17C22A7D441A00054A3A /* SceneCoordinatorType.swift */ = {isa = PBXFileReference; lastKnownFileType = sourcecode.swift; path = SceneCoordinatorType.swift; sourceTree = "<group>"; };
		5F0A17C42A7D442A00054A3A /* SceneCoordinator.swift */ = {isa = PBXFileReference; lastKnownFileType = sourcecode.swift; path = SceneCoordinator.swift; sourceTree = "<group>"; };
		5F0A17C62A7D443400054A3A /* TransitionModel.swift */ = {isa = PBXFileReference; lastKnownFileType = sourcecode.swift; path = TransitionModel.swift; sourceTree = "<group>"; };
		5F0A17C82A7D44C400054A3A /* MemoListViewModel.swift */ = {isa = PBXFileReference; lastKnownFileType = sourcecode.swift; path = MemoListViewModel.swift; sourceTree = "<group>"; };
		5F0A17CA2A7D44D200054A3A /* MemoAddViewModel.swift */ = {isa = PBXFileReference; lastKnownFileType = sourcecode.swift; path = MemoAddViewModel.swift; sourceTree = "<group>"; };
		5F0A17CC2A7D44DD00054A3A /* MemoDetailViewModel.swift */ = {isa = PBXFileReference; lastKnownFileType = sourcecode.swift; path = MemoDetailViewModel.swift; sourceTree = "<group>"; };
		5F0A17CE2A7D44F000054A3A /* MemoCompleteViewModel.swift */ = {isa = PBXFileReference; lastKnownFileType = sourcecode.swift; path = MemoCompleteViewModel.swift; sourceTree = "<group>"; };
		5F0A17D02A7D4B6800054A3A /* DefaultViewController.swift */ = {isa = PBXFileReference; lastKnownFileType = sourcecode.swift; path = DefaultViewController.swift; sourceTree = "<group>"; };
		5F0A17D32A7D4CBE00054A3A /* DefaultViewModel.swift */ = {isa = PBXFileReference; lastKnownFileType = sourcecode.swift; path = DefaultViewModel.swift; sourceTree = "<group>"; };
		5F18A3A32A814771004F0F61 /* UIViewController.swift */ = {isa = PBXFileReference; lastKnownFileType = sourcecode.swift; path = UIViewController.swift; sourceTree = "<group>"; };
		5F1DE2142A7CE536004F19B7 /* MemoAddViewController.swift */ = {isa = PBXFileReference; lastKnownFileType = sourcecode.swift; path = MemoAddViewController.swift; sourceTree = "<group>"; };
		5F2D79482A7CB61B001FA32A /* Memo.app */ = {isa = PBXFileReference; explicitFileType = wrapper.application; includeInIndex = 0; path = Memo.app; sourceTree = BUILT_PRODUCTS_DIR; };
		5F2D794B2A7CB61B001FA32A /* AppDelegate.swift */ = {isa = PBXFileReference; lastKnownFileType = sourcecode.swift; path = AppDelegate.swift; sourceTree = "<group>"; };
		5F2D794D2A7CB61B001FA32A /* SceneDelegate.swift */ = {isa = PBXFileReference; lastKnownFileType = sourcecode.swift; path = SceneDelegate.swift; sourceTree = "<group>"; };
		5F2D79522A7CB61B001FA32A /* Base */ = {isa = PBXFileReference; lastKnownFileType = file.storyboard; name = Base; path = Base.lproj/Main.storyboard; sourceTree = "<group>"; };
		5F2D79572A7CB61C001FA32A /* Assets.xcassets */ = {isa = PBXFileReference; lastKnownFileType = folder.assetcatalog; path = Assets.xcassets; sourceTree = "<group>"; };
		5F2D795A2A7CB61C001FA32A /* Base */ = {isa = PBXFileReference; lastKnownFileType = file.storyboard; name = Base; path = Base.lproj/LaunchScreen.storyboard; sourceTree = "<group>"; };
		5F2D795C2A7CB61C001FA32A /* Info.plist */ = {isa = PBXFileReference; lastKnownFileType = text.plist.xml; path = Info.plist; sourceTree = "<group>"; };
		5F2D79732A7CBD20001FA32A /* MemoListViewController.swift */ = {isa = PBXFileReference; lastKnownFileType = sourcecode.swift; path = MemoListViewController.swift; sourceTree = "<group>"; };
		5F2D79752A7CBD3E001FA32A /* MemoDetailViewController.swift */ = {isa = PBXFileReference; lastKnownFileType = sourcecode.swift; path = MemoDetailViewController.swift; sourceTree = "<group>"; };
		5F54E1702A7E29C600EF253A /* MemoStrageType.swift */ = {isa = PBXFileReference; lastKnownFileType = sourcecode.swift; path = MemoStrageType.swift; sourceTree = "<group>"; };
		5F54E1732A7E2C2D00EF253A /* CoreDataStorage.swift */ = {isa = PBXFileReference; lastKnownFileType = sourcecode.swift; path = CoreDataStorage.swift; sourceTree = "<group>"; };
		5F54E1752A7E2CCB00EF253A /* MemoryStorage.swift */ = {isa = PBXFileReference; lastKnownFileType = sourcecode.swift; path = MemoryStorage.swift; sourceTree = "<group>"; };
		5F63162E2A81EF70002A6940 /* MemoManager.swift */ = {isa = PBXFileReference; lastKnownFileType = sourcecode.swift; path = MemoManager.swift; sourceTree = "<group>"; };
		5FC339662A7FDA9300D76C06 /* memoCoreData.xcdatamodel */ = {isa = PBXFileReference; lastKnownFileType = wrapper.xcdatamodel; path = memoCoreData.xcdatamodel; sourceTree = "<group>"; };
		5FC339682A7FE54300D76C06 /* CustomCell.swift */ = {isa = PBXFileReference; lastKnownFileType = sourcecode.swift; path = CustomCell.swift; sourceTree = "<group>"; };
/* End PBXFileReference section */

/* Begin PBXFrameworksBuildPhase section */
		5F2D79452A7CB61B001FA32A /* Frameworks */ = {
			isa = PBXFrameworksBuildPhase;
			buildActionMask = 2147483647;
			files = (
				6EFF016829C1893A516236BB /* Pods_Memo.framework in Frameworks */,
			);
			runOnlyForDeploymentPostprocessing = 0;
		};
/* End PBXFrameworksBuildPhase section */

/* Begin PBXGroup section */
		490B9C8047123CC0502097EF /* Pods */ = {
			isa = PBXGroup;
			children = (
				54719CED12880F55DBE9E547 /* Pods-Memo.debug.xcconfig */,
				2634C1D4E14176EF4826CF22 /* Pods-Memo.release.xcconfig */,
			);
			path = Pods;
			sourceTree = "<group>";
		};
		4C68027BF70FA20D84223B45 /* Frameworks */ = {
			isa = PBXGroup;
			children = (
				40E2B8C5284C95083A5D8D20 /* Pods_Memo.framework */,
			);
			name = Frameworks;
			sourceTree = "<group>";
		};
		5F0A17B12A7D3C6800054A3A /* View */ = {
			isa = PBXGroup;
			children = (
				5F2D79732A7CBD20001FA32A /* MemoListViewController.swift */,
				5F1DE2142A7CE536004F19B7 /* MemoAddViewController.swift */,
				5F2D79752A7CBD3E001FA32A /* MemoDetailViewController.swift */,
				5F0A17AF2A7D397200054A3A /* MemoCompleteViewController.swift */,
				5F0A17D02A7D4B6800054A3A /* DefaultViewController.swift */,
				5F0A17B42A7D3EB300054A3A /* ViewModelBindingType.swift */,
				5FC339682A7FE54300D76C06 /* CustomCell.swift */,
			);
			path = View;
			sourceTree = "<group>";
		};
		5F0A17B22A7D3C7000054A3A /* ViewModel */ = {
			isa = PBXGroup;
			children = (
				5F0A17BD2A7D43A900054A3A /* CommonViewModel.swift */,
				5F0A17C82A7D44C400054A3A /* MemoListViewModel.swift */,
				5F0A17CA2A7D44D200054A3A /* MemoAddViewModel.swift */,
				5F0A17CC2A7D44DD00054A3A /* MemoDetailViewModel.swift */,
				5F0A17CE2A7D44F000054A3A /* MemoCompleteViewModel.swift */,
				5F0A17D32A7D4CBE00054A3A /* DefaultViewModel.swift */,
			);
			path = ViewModel;
			sourceTree = "<group>";
		};
		5F0A17B32A7D3C7E00054A3A /* Model */ = {
			isa = PBXGroup;
			children = (
				5F0A17B62A7D40F700054A3A /* Memo.swift */,
			);
			path = Model;
			sourceTree = "<group>";
		};
		5F0A17B82A7D41E700054A3A /* extension */ = {
			isa = PBXGroup;
			children = (
				5F0A17BB2A7D421800054A3A /* Date.swift */,
				5F18A3A32A814771004F0F61 /* UIViewController.swift */,
			);
			path = extension;
			sourceTree = "<group>";
		};
		5F0A17BF2A7D43E900054A3A /* Scene */ = {
			isa = PBXGroup;
			children = (
				5F0A17C02A7D441000054A3A /* Scene.swift */,
				5F0A17C22A7D441A00054A3A /* SceneCoordinatorType.swift */,
				5F0A17C42A7D442A00054A3A /* SceneCoordinator.swift */,
				5F0A17C62A7D443400054A3A /* TransitionModel.swift */,
			);
			path = Scene;
			sourceTree = "<group>";
		};
		5F2D793F2A7CB61B001FA32A = {
			isa = PBXGroup;
			children = (
				5F2D794A2A7CB61B001FA32A /* Memo */,
				5F2D79492A7CB61B001FA32A /* Products */,
				490B9C8047123CC0502097EF /* Pods */,
				4C68027BF70FA20D84223B45 /* Frameworks */,
			);
			sourceTree = "<group>";
		};
		5F2D79492A7CB61B001FA32A /* Products */ = {
			isa = PBXGroup;
			children = (
				5F2D79482A7CB61B001FA32A /* Memo.app */,
			);
			name = Products;
			sourceTree = "<group>";
		};
		5F2D794A2A7CB61B001FA32A /* Memo */ = {
			isa = PBXGroup;
			children = (
				5F54E16F2A7E29BB00EF253A /* Service */,
				5F0A17BF2A7D43E900054A3A /* Scene */,
				5F0A17B82A7D41E700054A3A /* extension */,
				5F0A17B32A7D3C7E00054A3A /* Model */,
				5F0A17B22A7D3C7000054A3A /* ViewModel */,
				5F0A17B12A7D3C6800054A3A /* View */,
				5F2D794B2A7CB61B001FA32A /* AppDelegate.swift */,
				5F2D794D2A7CB61B001FA32A /* SceneDelegate.swift */,
				5F2D79512A7CB61B001FA32A /* Main.storyboard */,
				5F2D79572A7CB61C001FA32A /* Assets.xcassets */,
				5F2D79592A7CB61C001FA32A /* LaunchScreen.storyboard */,
				5F2D795C2A7CB61C001FA32A /* Info.plist */,
			);
			path = Memo;
			sourceTree = "<group>";
		};
		5F54E16F2A7E29BB00EF253A /* Service */ = {
			isa = PBXGroup;
			children = (
				5F54E1702A7E29C600EF253A /* MemoStrageType.swift */,
				5F54E1732A7E2C2D00EF253A /* CoreDataStorage.swift */,
				5F54E1752A7E2CCB00EF253A /* MemoryStorage.swift */,
				5FC339652A7FDA9300D76C06 /* memoCoreData.xcdatamodeld */,
				5F63162E2A81EF70002A6940 /* MemoManager.swift */,
			);
			path = Service;
			sourceTree = "<group>";
		};
/* End PBXGroup section */

/* Begin PBXNativeTarget section */
		5F2D79472A7CB61B001FA32A /* Memo */ = {
			isa = PBXNativeTarget;
			buildConfigurationList = 5F2D795F2A7CB61C001FA32A /* Build configuration list for PBXNativeTarget "Memo" */;
			buildPhases = (
				B7D7E786792B38A222353BB9 /* [CP] Check Pods Manifest.lock */,
				5F2D79442A7CB61B001FA32A /* Sources */,
				5F2D79452A7CB61B001FA32A /* Frameworks */,
				5F2D79462A7CB61B001FA32A /* Resources */,
				21D3B5FB72AC194D82E3C61B /* [CP] Embed Pods Frameworks */,
			);
			buildRules = (
			);
			dependencies = (
			);
			name = Memo;
			packageProductDependencies = (
			);
			productName = Memo;
			productReference = 5F2D79482A7CB61B001FA32A /* Memo.app */;
			productType = "com.apple.product-type.application";
		};
/* End PBXNativeTarget section */

/* Begin PBXProject section */
		5F2D79402A7CB61B001FA32A /* Project object */ = {
			isa = PBXProject;
			attributes = {
				BuildIndependentTargetsInParallel = 1;
				LastSwiftUpdateCheck = 1430;
				LastUpgradeCheck = 1430;
				TargetAttributes = {
					5F2D79472A7CB61B001FA32A = {
						CreatedOnToolsVersion = 14.3.1;
					};
				};
			};
			buildConfigurationList = 5F2D79432A7CB61B001FA32A /* Build configuration list for PBXProject "Memo" */;
			compatibilityVersion = "Xcode 14.0";
			developmentRegion = en;
			hasScannedForEncodings = 0;
			knownRegions = (
				en,
				Base,
			);
			mainGroup = 5F2D793F2A7CB61B001FA32A;
			packageReferences = (
			);
			productRefGroup = 5F2D79492A7CB61B001FA32A /* Products */;
			projectDirPath = "";
			projectRoot = "";
			targets = (
				5F2D79472A7CB61B001FA32A /* Memo */,
			);
		};
/* End PBXProject section */

/* Begin PBXResourcesBuildPhase section */
		5F2D79462A7CB61B001FA32A /* Resources */ = {
			isa = PBXResourcesBuildPhase;
			buildActionMask = 2147483647;
			files = (
				5F2D795B2A7CB61C001FA32A /* LaunchScreen.storyboard in Resources */,
				5F2D79582A7CB61C001FA32A /* Assets.xcassets in Resources */,
				5F2D79532A7CB61B001FA32A /* Main.storyboard in Resources */,
			);
			runOnlyForDeploymentPostprocessing = 0;
		};
/* End PBXResourcesBuildPhase section */

/* Begin PBXShellScriptBuildPhase section */
		21D3B5FB72AC194D82E3C61B /* [CP] Embed Pods Frameworks */ = {
			isa = PBXShellScriptBuildPhase;
			buildActionMask = 2147483647;
			files = (
			);
			inputFileListPaths = (
				"${PODS_ROOT}/Target Support Files/Pods-Memo/Pods-Memo-frameworks-${CONFIGURATION}-input-files.xcfilelist",
			);
			name = "[CP] Embed Pods Frameworks";
			outputFileListPaths = (
				"${PODS_ROOT}/Target Support Files/Pods-Memo/Pods-Memo-frameworks-${CONFIGURATION}-output-files.xcfilelist",
			);
			runOnlyForDeploymentPostprocessing = 0;
			shellPath = /bin/sh;
			shellScript = "\"${PODS_ROOT}/Target Support Files/Pods-Memo/Pods-Memo-frameworks.sh\"\n";
			showEnvVarsInLog = 0;
		};
		B7D7E786792B38A222353BB9 /* [CP] Check Pods Manifest.lock */ = {
			isa = PBXShellScriptBuildPhase;
			buildActionMask = 2147483647;
			files = (
			);
			inputFileListPaths = (
			);
			inputPaths = (
				"${PODS_PODFILE_DIR_PATH}/Podfile.lock",
				"${PODS_ROOT}/Manifest.lock",
			);
			name = "[CP] Check Pods Manifest.lock";
			outputFileListPaths = (
			);
			outputPaths = (
				"$(DERIVED_FILE_DIR)/Pods-Memo-checkManifestLockResult.txt",
			);
			runOnlyForDeploymentPostprocessing = 0;
			shellPath = /bin/sh;
			shellScript = "diff \"${PODS_PODFILE_DIR_PATH}/Podfile.lock\" \"${PODS_ROOT}/Manifest.lock\" > /dev/null\nif [ $? != 0 ] ; then\n    # print error to STDERR\n    echo \"error: The sandbox is not in sync with the Podfile.lock. Run 'pod install' or update your CocoaPods installation.\" >&2\n    exit 1\nfi\n# This output is used by Xcode 'outputs' to avoid re-running this script phase.\necho \"SUCCESS\" > \"${SCRIPT_OUTPUT_FILE_0}\"\n";
			showEnvVarsInLog = 0;
		};
/* End PBXShellScriptBuildPhase section */

/* Begin PBXSourcesBuildPhase section */
		5F2D79442A7CB61B001FA32A /* Sources */ = {
			isa = PBXSourcesBuildPhase;
			buildActionMask = 2147483647;
			files = (
				5F54E1742A7E2C2D00EF253A /* CoreDataStorage.swift in Sources */,
				5F0A17C32A7D441A00054A3A /* SceneCoordinatorType.swift in Sources */,
				5FC339672A7FDA9300D76C06 /* memoCoreData.xcdatamodeld in Sources */,
				5F0A17BE2A7D43A900054A3A /* CommonViewModel.swift in Sources */,
				5F0A17CD2A7D44DD00054A3A /* MemoDetailViewModel.swift in Sources */,
				5F2D79762A7CBD3E001FA32A /* MemoDetailViewController.swift in Sources */,
				5F0A17B02A7D397200054A3A /* MemoCompleteViewController.swift in Sources */,
				5FC339692A7FE54300D76C06 /* CustomCell.swift in Sources */,
				5F0A17C12A7D441000054A3A /* Scene.swift in Sources */,
				5F0A17CB2A7D44D200054A3A /* MemoAddViewModel.swift in Sources */,
				5F0A17C52A7D442A00054A3A /* SceneCoordinator.swift in Sources */,
				5F54E1712A7E29C600EF253A /* MemoStrageType.swift in Sources */,
				5F2D79742A7CBD20001FA32A /* MemoListViewController.swift in Sources */,
				5F2D794C2A7CB61B001FA32A /* AppDelegate.swift in Sources */,
				5F1DE2152A7CE536004F19B7 /* MemoAddViewController.swift in Sources */,
				5F54E1762A7E2CCB00EF253A /* MemoryStorage.swift in Sources */,
				5F2D794E2A7CB61B001FA32A /* SceneDelegate.swift in Sources */,
				5F0A17C92A7D44C400054A3A /* MemoListViewModel.swift in Sources */,
				5F0A17C72A7D443400054A3A /* TransitionModel.swift in Sources */,
				5F63162F2A81EF70002A6940 /* MemoManager.swift in Sources */,
				5F0A17BC2A7D421800054A3A /* Date.swift in Sources */,
				5F18A3A42A814771004F0F61 /* UIViewController.swift in Sources */,
				5F0A17CF2A7D44F000054A3A /* MemoCompleteViewModel.swift in Sources */,
				5F0A17D42A7D4CBE00054A3A /* DefaultViewModel.swift in Sources */,
				5F0A17D12A7D4B6800054A3A /* DefaultViewController.swift in Sources */,
				5F0A17B52A7D3EB300054A3A /* ViewModelBindingType.swift in Sources */,
				5F0A17B72A7D40F700054A3A /* Memo.swift in Sources */,
			);
			runOnlyForDeploymentPostprocessing = 0;
		};
/* End PBXSourcesBuildPhase section */

/* Begin PBXVariantGroup section */
		5F2D79512A7CB61B001FA32A /* Main.storyboard */ = {
			isa = PBXVariantGroup;
			children = (
				5F2D79522A7CB61B001FA32A /* Base */,
			);
			name = Main.storyboard;
			sourceTree = "<group>";
		};
		5F2D79592A7CB61C001FA32A /* LaunchScreen.storyboard */ = {
			isa = PBXVariantGroup;
			children = (
				5F2D795A2A7CB61C001FA32A /* Base */,
			);
			name = LaunchScreen.storyboard;
			sourceTree = "<group>";
		};
/* End PBXVariantGroup section */

/* Begin XCBuildConfiguration section */
		5F2D795D2A7CB61C001FA32A /* Debug */ = {
			isa = XCBuildConfiguration;
			buildSettings = {
				ALWAYS_SEARCH_USER_PATHS = NO;
				CLANG_ANALYZER_NONNULL = YES;
				CLANG_ANALYZER_NUMBER_OBJECT_CONVERSION = YES_AGGRESSIVE;
				CLANG_CXX_LANGUAGE_STANDARD = "gnu++20";
				CLANG_ENABLE_MODULES = YES;
				CLANG_ENABLE_OBJC_ARC = YES;
				CLANG_ENABLE_OBJC_WEAK = YES;
				CLANG_WARN_BLOCK_CAPTURE_AUTORELEASING = YES;
				CLANG_WARN_BOOL_CONVERSION = YES;
				CLANG_WARN_COMMA = YES;
				CLANG_WARN_CONSTANT_CONVERSION = YES;
				CLANG_WARN_DEPRECATED_OBJC_IMPLEMENTATIONS = YES;
				CLANG_WARN_DIRECT_OBJC_ISA_USAGE = YES_ERROR;
				CLANG_WARN_DOCUMENTATION_COMMENTS = YES;
				CLANG_WARN_EMPTY_BODY = YES;
				CLANG_WARN_ENUM_CONVERSION = YES;
				CLANG_WARN_INFINITE_RECURSION = YES;
				CLANG_WARN_INT_CONVERSION = YES;
				CLANG_WARN_NON_LITERAL_NULL_CONVERSION = YES;
				CLANG_WARN_OBJC_IMPLICIT_RETAIN_SELF = YES;
				CLANG_WARN_OBJC_LITERAL_CONVERSION = YES;
				CLANG_WARN_OBJC_ROOT_CLASS = YES_ERROR;
				CLANG_WARN_QUOTED_INCLUDE_IN_FRAMEWORK_HEADER = YES;
				CLANG_WARN_RANGE_LOOP_ANALYSIS = YES;
				CLANG_WARN_STRICT_PROTOTYPES = YES;
				CLANG_WARN_SUSPICIOUS_MOVE = YES;
				CLANG_WARN_UNGUARDED_AVAILABILITY = YES_AGGRESSIVE;
				CLANG_WARN_UNREACHABLE_CODE = YES;
				CLANG_WARN__DUPLICATE_METHOD_MATCH = YES;
				COPY_PHASE_STRIP = NO;
				DEBUG_INFORMATION_FORMAT = dwarf;
				ENABLE_STRICT_OBJC_MSGSEND = YES;
				ENABLE_TESTABILITY = YES;
				GCC_C_LANGUAGE_STANDARD = gnu11;
				GCC_DYNAMIC_NO_PIC = NO;
				GCC_NO_COMMON_BLOCKS = YES;
				GCC_OPTIMIZATION_LEVEL = 0;
				GCC_PREPROCESSOR_DEFINITIONS = (
					"DEBUG=1",
					"$(inherited)",
				);
				GCC_WARN_64_TO_32_BIT_CONVERSION = YES;
				GCC_WARN_ABOUT_RETURN_TYPE = YES_ERROR;
				GCC_WARN_UNDECLARED_SELECTOR = YES;
				GCC_WARN_UNINITIALIZED_AUTOS = YES_AGGRESSIVE;
				GCC_WARN_UNUSED_FUNCTION = YES;
				GCC_WARN_UNUSED_VARIABLE = YES;
				IPHONEOS_DEPLOYMENT_TARGET = 16.4;
				MTL_ENABLE_DEBUG_INFO = INCLUDE_SOURCE;
				MTL_FAST_MATH = YES;
				ONLY_ACTIVE_ARCH = YES;
				SDKROOT = iphoneos;
				SWIFT_ACTIVE_COMPILATION_CONDITIONS = DEBUG;
				SWIFT_OPTIMIZATION_LEVEL = "-Onone";
			};
			name = Debug;
		};
		5F2D795E2A7CB61C001FA32A /* Release */ = {
			isa = XCBuildConfiguration;
			buildSettings = {
				ALWAYS_SEARCH_USER_PATHS = NO;
				CLANG_ANALYZER_NONNULL = YES;
				CLANG_ANALYZER_NUMBER_OBJECT_CONVERSION = YES_AGGRESSIVE;
				CLANG_CXX_LANGUAGE_STANDARD = "gnu++20";
				CLANG_ENABLE_MODULES = YES;
				CLANG_ENABLE_OBJC_ARC = YES;
				CLANG_ENABLE_OBJC_WEAK = YES;
				CLANG_WARN_BLOCK_CAPTURE_AUTORELEASING = YES;
				CLANG_WARN_BOOL_CONVERSION = YES;
				CLANG_WARN_COMMA = YES;
				CLANG_WARN_CONSTANT_CONVERSION = YES;
				CLANG_WARN_DEPRECATED_OBJC_IMPLEMENTATIONS = YES;
				CLANG_WARN_DIRECT_OBJC_ISA_USAGE = YES_ERROR;
				CLANG_WARN_DOCUMENTATION_COMMENTS = YES;
				CLANG_WARN_EMPTY_BODY = YES;
				CLANG_WARN_ENUM_CONVERSION = YES;
				CLANG_WARN_INFINITE_RECURSION = YES;
				CLANG_WARN_INT_CONVERSION = YES;
				CLANG_WARN_NON_LITERAL_NULL_CONVERSION = YES;
				CLANG_WARN_OBJC_IMPLICIT_RETAIN_SELF = YES;
				CLANG_WARN_OBJC_LITERAL_CONVERSION = YES;
				CLANG_WARN_OBJC_ROOT_CLASS = YES_ERROR;
				CLANG_WARN_QUOTED_INCLUDE_IN_FRAMEWORK_HEADER = YES;
				CLANG_WARN_RANGE_LOOP_ANALYSIS = YES;
				CLANG_WARN_STRICT_PROTOTYPES = YES;
				CLANG_WARN_SUSPICIOUS_MOVE = YES;
				CLANG_WARN_UNGUARDED_AVAILABILITY = YES_AGGRESSIVE;
				CLANG_WARN_UNREACHABLE_CODE = YES;
				CLANG_WARN__DUPLICATE_METHOD_MATCH = YES;
				COPY_PHASE_STRIP = NO;
				DEBUG_INFORMATION_FORMAT = "dwarf-with-dsym";
				ENABLE_NS_ASSERTIONS = NO;
				ENABLE_STRICT_OBJC_MSGSEND = YES;
				GCC_C_LANGUAGE_STANDARD = gnu11;
				GCC_NO_COMMON_BLOCKS = YES;
				GCC_WARN_64_TO_32_BIT_CONVERSION = YES;
				GCC_WARN_ABOUT_RETURN_TYPE = YES_ERROR;
				GCC_WARN_UNDECLARED_SELECTOR = YES;
				GCC_WARN_UNINITIALIZED_AUTOS = YES_AGGRESSIVE;
				GCC_WARN_UNUSED_FUNCTION = YES;
				GCC_WARN_UNUSED_VARIABLE = YES;
				IPHONEOS_DEPLOYMENT_TARGET = 16.4;
				MTL_ENABLE_DEBUG_INFO = NO;
				MTL_FAST_MATH = YES;
				SDKROOT = iphoneos;
				SWIFT_COMPILATION_MODE = wholemodule;
				SWIFT_OPTIMIZATION_LEVEL = "-O";
				VALIDATE_PRODUCT = YES;
			};
			name = Release;
		};
		5F2D79602A7CB61C001FA32A /* Debug */ = {
			isa = XCBuildConfiguration;
			baseConfigurationReference = 54719CED12880F55DBE9E547 /* Pods-Memo.debug.xcconfig */;
			buildSettings = {
				ASSETCATALOG_COMPILER_APPICON_NAME = AppIcon;
				ASSETCATALOG_COMPILER_GLOBAL_ACCENT_COLOR_NAME = AccentColor;
				CODE_SIGN_STYLE = Automatic;
				CURRENT_PROJECT_VERSION = 1;
				GENERATE_INFOPLIST_FILE = YES;
				INFOPLIST_FILE = Memo/Info.plist;
				INFOPLIST_KEY_UIApplicationSupportsIndirectInputEvents = YES;
				INFOPLIST_KEY_UILaunchStoryboardName = LaunchScreen;
				INFOPLIST_KEY_UIMainStoryboardFile = Main;
				INFOPLIST_KEY_UISupportedInterfaceOrientations_iPad = "UIInterfaceOrientationPortrait UIInterfaceOrientationPortraitUpsideDown UIInterfaceOrientationLandscapeLeft UIInterfaceOrientationLandscapeRight";
				INFOPLIST_KEY_UISupportedInterfaceOrientations_iPhone = "UIInterfaceOrientationPortrait UIInterfaceOrientationLandscapeLeft UIInterfaceOrientationLandscapeRight";
				LD_RUNPATH_SEARCH_PATHS = (
					"$(inherited)",
					"@executable_path/Frameworks",
				);
				MARKETING_VERSION = 1.0;
				PRODUCT_BUNDLE_IDENTIFIER = "-.Memo";
				PRODUCT_NAME = "$(TARGET_NAME)";
				SWIFT_EMIT_LOC_STRINGS = YES;
				SWIFT_VERSION = 5.0;
				TARGETED_DEVICE_FAMILY = "1,2";
			};
			name = Debug;
		};
		5F2D79612A7CB61C001FA32A /* Release */ = {
			isa = XCBuildConfiguration;
			baseConfigurationReference = 2634C1D4E14176EF4826CF22 /* Pods-Memo.release.xcconfig */;
			buildSettings = {
				ASSETCATALOG_COMPILER_APPICON_NAME = AppIcon;
				ASSETCATALOG_COMPILER_GLOBAL_ACCENT_COLOR_NAME = AccentColor;
				CODE_SIGN_STYLE = Automatic;
				CURRENT_PROJECT_VERSION = 1;
				GENERATE_INFOPLIST_FILE = YES;
				INFOPLIST_FILE = Memo/Info.plist;
				INFOPLIST_KEY_UIApplicationSupportsIndirectInputEvents = YES;
				INFOPLIST_KEY_UILaunchStoryboardName = LaunchScreen;
				INFOPLIST_KEY_UIMainStoryboardFile = Main;
				INFOPLIST_KEY_UISupportedInterfaceOrientations_iPad = "UIInterfaceOrientationPortrait UIInterfaceOrientationPortraitUpsideDown UIInterfaceOrientationLandscapeLeft UIInterfaceOrientationLandscapeRight";
				INFOPLIST_KEY_UISupportedInterfaceOrientations_iPhone = "UIInterfaceOrientationPortrait UIInterfaceOrientationLandscapeLeft UIInterfaceOrientationLandscapeRight";
				LD_RUNPATH_SEARCH_PATHS = (
					"$(inherited)",
					"@executable_path/Frameworks",
				);
				MARKETING_VERSION = 1.0;
				PRODUCT_BUNDLE_IDENTIFIER = "-.Memo";
				PRODUCT_NAME = "$(TARGET_NAME)";
				SWIFT_EMIT_LOC_STRINGS = YES;
				SWIFT_VERSION = 5.0;
				TARGETED_DEVICE_FAMILY = "1,2";
			};
			name = Release;
		};
/* End XCBuildConfiguration section */

/* Begin XCConfigurationList section */
		5F2D79432A7CB61B001FA32A /* Build configuration list for PBXProject "Memo" */ = {
			isa = XCConfigurationList;
			buildConfigurations = (
				5F2D795D2A7CB61C001FA32A /* Debug */,
				5F2D795E2A7CB61C001FA32A /* Release */,
			);
			defaultConfigurationIsVisible = 0;
			defaultConfigurationName = Release;
		};
		5F2D795F2A7CB61C001FA32A /* Build configuration list for PBXNativeTarget "Memo" */ = {
			isa = XCConfigurationList;
			buildConfigurations = (
				5F2D79602A7CB61C001FA32A /* Debug */,
				5F2D79612A7CB61C001FA32A /* Release */,
			);
			defaultConfigurationIsVisible = 0;
			defaultConfigurationName = Release;
		};
/* End XCConfigurationList section */

/* Begin XCVersionGroup section */
		5FC339652A7FDA9300D76C06 /* memoCoreData.xcdatamodeld */ = {
			isa = XCVersionGroup;
			children = (
				5FC339662A7FDA9300D76C06 /* memoCoreData.xcdatamodel */,
			);
			currentVersion = 5FC339662A7FDA9300D76C06 /* memoCoreData.xcdatamodel */;
			path = memoCoreData.xcdatamodeld;
			sourceTree = "<group>";
			versionGroupType = wrapper.xcdatamodel;
		};
/* End XCVersionGroup section */
	};
	rootObject = 5F2D79402A7CB61B001FA32A /* Project object */;
}
